// !$*UTF8*$!
{
	archiveVersion = 1;
	classes = {
	};
	objectVersion = 46;
	objects = {

/* Begin PBXBuildFile section */
		D700C8171EDDFB8800160E9F /* main.m in Sources */ = {isa = PBXBuildFile; fileRef = D700C8161EDDFB8800160E9F /* main.m */; };
		D700C81F1EDE0D7C00160E9F /* Question.m in Sources */ = {isa = PBXBuildFile; fileRef = D700C81E1EDE0D7C00160E9F /* Question.m */; };
		D70A4BAB1EDF3F5800C140B9 /* QuestionManager.m in Sources */ = {isa = PBXBuildFile; fileRef = D70A4BAA1EDF3F5800C140B9 /* QuestionManager.m */; };
		D72105DF1EDF55BA009B5228 /* AdditionQuestion.m in Sources */ = {isa = PBXBuildFile; fileRef = D72105DE1EDF55BA009B5228 /* AdditionQuestion.m */; };
		D781962E1EDF612100B86545 /* SubtractionQuestion.m in Sources */ = {isa = PBXBuildFile; fileRef = D781962D1EDF612100B86545 /* SubtractionQuestion.m */; };
		D78196311EDF626B00B86545 /* MultiplicationQuestion.m in Sources */ = {isa = PBXBuildFile; fileRef = D78196301EDF626B00B86545 /* MultiplicationQuestion.m */; };
		D78196341EDF627F00B86545 /* DivisionQuestion.m in Sources */ = {isa = PBXBuildFile; fileRef = D78196331EDF627F00B86545 /* DivisionQuestion.m */; };
		D7D40F661EDE93D5000006C7 /* ScoreKeeper.m in Sources */ = {isa = PBXBuildFile; fileRef = D7D40F651EDE93D5000006C7 /* ScoreKeeper.m */; };
/* End PBXBuildFile section */

/* Begin PBXCopyFilesBuildPhase section */
		D700C8111EDDFB8800160E9F /* CopyFiles */ = {
			isa = PBXCopyFilesBuildPhase;
			buildActionMask = 2147483647;
			dstPath = /usr/share/man/man1/;
			dstSubfolderSpec = 0;
			files = (
			);
			runOnlyForDeploymentPostprocessing = 1;
		};
/* End PBXCopyFilesBuildPhase section */

/* Begin PBXFileReference section */
		D700C8131EDDFB8800160E9F /* Maths */ = {isa = PBXFileReference; explicitFileType = "compiled.mach-o.executable"; includeInIndex = 0; path = Maths; sourceTree = BUILT_PRODUCTS_DIR; };
		D700C8161EDDFB8800160E9F /* main.m */ = {isa = PBXFileReference; lastKnownFileType = sourcecode.c.objc; path = main.m; sourceTree = "<group>"; };
		D700C81D1EDE0D7C00160E9F /* Question.h */ = {isa = PBXFileReference; fileEncoding = 4; lastKnownFileType = sourcecode.c.h; path = Question.h; sourceTree = "<group>"; };
		D700C81E1EDE0D7C00160E9F /* Question.m */ = {isa = PBXFileReference; fileEncoding = 4; lastKnownFileType = sourcecode.c.objc; path = Question.m; sourceTree = "<group>"; };
		D70A4BA91EDF3F5800C140B9 /* QuestionManager.h */ = {isa = PBXFileReference; fileEncoding = 4; lastKnownFileType = sourcecode.c.h; path = QuestionManager.h; sourceTree = "<group>"; };
		D70A4BAA1EDF3F5800C140B9 /* QuestionManager.m */ = {isa = PBXFileReference; fileEncoding = 4; lastKnownFileType = sourcecode.c.objc; path = QuestionManager.m; sourceTree = "<group>"; };
		D72105DD1EDF55BA009B5228 /* AdditionQuestion.h */ = {isa = PBXFileReference; fileEncoding = 4; lastKnownFileType = sourcecode.c.h; path = AdditionQuestion.h; sourceTree = "<group>"; };
		D72105DE1EDF55BA009B5228 /* AdditionQuestion.m */ = {isa = PBXFileReference; fileEncoding = 4; lastKnownFileType = sourcecode.c.objc; path = AdditionQuestion.m; sourceTree = "<group>"; };
		D781962C1EDF612100B86545 /* SubtractionQuestion.h */ = {isa = PBXFileReference; fileEncoding = 4; lastKnownFileType = sourcecode.c.h; path = SubtractionQuestion.h; sourceTree = "<group>"; };
		D781962D1EDF612100B86545 /* SubtractionQuestion.m */ = {isa = PBXFileReference; fileEncoding = 4; lastKnownFileType = sourcecode.c.objc; path = SubtractionQuestion.m; sourceTree = "<group>"; };
		D781962F1EDF626B00B86545 /* MultiplicationQuestion.h */ = {isa = PBXFileReference; fileEncoding = 4; lastKnownFileType = sourcecode.c.h; path = MultiplicationQuestion.h; sourceTree = "<group>"; };
		D78196301EDF626B00B86545 /* MultiplicationQuestion.m */ = {isa = PBXFileReference; fileEncoding = 4; lastKnownFileType = sourcecode.c.objc; path = MultiplicationQuestion.m; sourceTree = "<group>"; };
		D78196321EDF627F00B86545 /* DivisionQuestion.h */ = {isa = PBXFileReference; fileEncoding = 4; lastKnownFileType = sourcecode.c.h; path = DivisionQuestion.h; sourceTree = "<group>"; };
		D78196331EDF627F00B86545 /* DivisionQuestion.m */ = {isa = PBXFileReference; fileEncoding = 4; lastKnownFileType = sourcecode.c.objc; path = DivisionQuestion.m; sourceTree = "<group>"; };
		D7D40F641EDE93D5000006C7 /* ScoreKeeper.h */ = {isa = PBXFileReference; fileEncoding = 4; lastKnownFileType = sourcecode.c.h; path = ScoreKeeper.h; sourceTree = "<group>"; };
		D7D40F651EDE93D5000006C7 /* ScoreKeeper.m */ = {isa = PBXFileReference; fileEncoding = 4; lastKnownFileType = sourcecode.c.objc; path = ScoreKeeper.m; sourceTree = "<group>"; };
/* End PBXFileReference section */

/* Begin PBXFrameworksBuildPhase section */
		D700C8101EDDFB8800160E9F /* Frameworks */ = {
			isa = PBXFrameworksBuildPhase;
			buildActionMask = 2147483647;
			files = (
			);
			runOnlyForDeploymentPostprocessing = 0;
		};
/* End PBXFrameworksBuildPhase section */

/* Begin PBXGroup section */
		D700C80A1EDDFB8800160E9F = {
			isa = PBXGroup;
			children = (
				D700C8151EDDFB8800160E9F /* Maths */,
				D700C8141EDDFB8800160E9F /* Products */,
			);
			sourceTree = "<group>";
		};
		D700C8141EDDFB8800160E9F /* Products */ = {
			isa = PBXGroup;
			children = (
				D700C8131EDDFB8800160E9F /* Maths */,
			);
			name = Products;
			sourceTree = "<group>";
		};
		D700C8151EDDFB8800160E9F /* Maths */ = {
			isa = PBXGroup;
			children = (
				D700C8161EDDFB8800160E9F /* main.m */,
				D7D40F641EDE93D5000006C7 /* ScoreKeeper.h */,
				D7D40F651EDE93D5000006C7 /* ScoreKeeper.m */,
				D700C81D1EDE0D7C00160E9F /* Question.h */,
				D700C81E1EDE0D7C00160E9F /* Question.m */,
				D70A4BA91EDF3F5800C140B9 /* QuestionManager.h */,
				D70A4BAA1EDF3F5800C140B9 /* QuestionManager.m */,
				D72105DD1EDF55BA009B5228 /* AdditionQuestion.h */,
				D72105DE1EDF55BA009B5228 /* AdditionQuestion.m */,
				D781962C1EDF612100B86545 /* SubtractionQuestion.h */,
				D781962D1EDF612100B86545 /* SubtractionQuestion.m */,
				D781962F1EDF626B00B86545 /* MultiplicationQuestion.h */,
				D78196301EDF626B00B86545 /* MultiplicationQuestion.m */,
				D78196321EDF627F00B86545 /* DivisionQuestion.h */,
				D78196331EDF627F00B86545 /* DivisionQuestion.m */,
			);
			path = Maths;
			sourceTree = "<group>";
		};
/* End PBXGroup section */

/* Begin PBXNativeTarget section */
		D700C8121EDDFB8800160E9F /* Maths */ = {
			isa = PBXNativeTarget;
			buildConfigurationList = D700C81A1EDDFB8800160E9F /* Build configuration list for PBXNativeTarget "Maths" */;
			buildPhases = (
				D700C80F1EDDFB8800160E9F /* Sources */,
				D700C8101EDDFB8800160E9F /* Frameworks */,
				D700C8111EDDFB8800160E9F /* CopyFiles */,
			);
			buildRules = (
			);
			dependencies = (
			);
			name = Maths;
			productName = Maths;
			productReference = D700C8131EDDFB8800160E9F /* Maths */;
			productType = "com.apple.product-type.tool";
		};
/* End PBXNativeTarget section */

/* Begin PBXProject section */
		D700C80B1EDDFB8800160E9F /* Project object */ = {
			isa = PBXProject;
			attributes = {
				LastUpgradeCheck = 0830;
				ORGANIZATIONNAME = "Katrina de Guzman";
				TargetAttributes = {
					D700C8121EDDFB8800160E9F = {
						CreatedOnToolsVersion = 8.3.2;
						ProvisioningStyle = Automatic;
					};
				};
			};
			buildConfigurationList = D700C80E1EDDFB8800160E9F /* Build configuration list for PBXProject "Maths" */;
			compatibilityVersion = "Xcode 3.2";
			developmentRegion = English;
			hasScannedForEncodings = 0;
			knownRegions = (
				en,
			);
			mainGroup = D700C80A1EDDFB8800160E9F;
			productRefGroup = D700C8141EDDFB8800160E9F /* Products */;
			projectDirPath = "";
			projectRoot = "";
			targets = (
				D700C8121EDDFB8800160E9F /* Maths */,
			);
		};
/* End PBXProject section */

/* Begin PBXSourcesBuildPhase section */
		D700C80F1EDDFB8800160E9F /* Sources */ = {
			isa = PBXSourcesBuildPhase;
			buildActionMask = 2147483647;
			files = (
				D7D40F661EDE93D5000006C7 /* ScoreKeeper.m in Sources */,
				D700C8171EDDFB8800160E9F /* main.m in Sources */,
				D78196341EDF627F00B86545 /* DivisionQuestion.m in Sources */,
				D700C81F1EDE0D7C00160E9F /* Question.m in Sources */,
				D72105DF1EDF55BA009B5228 /* AdditionQuestion.m in Sources */,
				D781962E1EDF612100B86545 /* SubtractionQuestion.m in Sources */,
				D78196311EDF626B00B86545 /* MultiplicationQuestion.m in Sources */,
				D70A4BAB1EDF3F5800C140B9 /* QuestionManager.m in Sources */,
			);
			runOnlyForDeploymentPostprocessing = 0;
		};
/* End PBXSourcesBuildPhase section */

/* Begin XCBuildConfiguration section */
		D700C8181EDDFB8800160E9F /* Debug */ = {
			isa = XCBuildConfiguration;
			buildSettings = {
				ALWAYS_SEARCH_USER_PATHS = NO;
				CLANG_ANALYZER_NONNULL = YES;
				CLANG_ANALYZER_NUMBER_OBJECT_CONVERSION = YES_AGGRESSIVE;
				CLANG_CXX_LANGUAGE_STANDARD = "gnu++0x";
				CLANG_CXX_LIBRARY = "libc++";
				CLANG_ENABLE_MODULES = YES;
				CLANG_ENABLE_OBJC_ARC = YES;
				CLANG_WARN_BOOL_CONVERSION = YES;
				CLANG_WARN_CONSTANT_CONVERSION = YES;
				CLANG_WARN_DIRECT_OBJC_ISA_USAGE = YES_ERROR;
				CLANG_WARN_DOCUMENTATION_COMMENTS = YES;
				CLANG_WARN_EMPTY_BODY = YES;
				CLANG_WARN_ENUM_CONVERSION = YES;
				CLANG_WARN_INFINITE_RECURSION = YES;
				CLANG_WARN_INT_CONVERSION = YES;
				CLANG_WARN_OBJC_ROOT_CLASS = YES_ERROR;
				CLANG_WARN_SUSPICIOUS_MOVE = YES;
				CLANG_WARN_UNREACHABLE_CODE = YES;
				CLANG_WARN__DUPLICATE_METHOD_MATCH = YES;
				CODE_SIGN_IDENTITY = "-";
				COPY_PHASE_STRIP = NO;
				DEBUG_INFORMATION_FORMAT = dwarf;
				ENABLE_STRICT_OBJC_MSGSEND = YES;
				ENABLE_TESTABILITY = YES;
				GCC_C_LANGUAGE_STANDARD = gnu99;
				GCC_DYNAMIC_NO_PIC = NO;
				GCC_NO_COMMON_BLOCKS = YES;
				GCC_OPTIMIZATION_LEVEL = 0;
				GCC_PREPROCESSOR_DEFINITIONS = (
					"DEBUG=1",
					"$(inherited)",
				);
				GCC_WARN_64_TO_32_BIT_CONVERSION = YES;
				GCC_WARN_ABOUT_RETURN_TYPE = YES_ERROR;
				GCC_WARN_UNDECLARED_SELECTOR = YES;
				GCC_WARN_UNINITIALIZED_AUTOS = YES_AGGRESSIVE;
				GCC_WARN_UNUSED_FUNCTION = YES;
				GCC_WARN_UNUSED_VARIABLE = YES;
				MACOSX_DEPLOYMENT_TARGET = 10.12;
				MTL_ENABLE_DEBUG_INFO = YES;
				ONLY_ACTIVE_ARCH = YES;
				SDKROOT = macosx;
			};
			name = Debug;
		};
		D700C8191EDDFB8800160E9F /* Release */ = {
			isa = XCBuildConfiguration;
			buildSettings = {
				ALWAYS_SEARCH_USER_PATHS = NO;
				CLANG_ANALYZER_NONNULL = YES;
				CLANG_ANALYZER_NUMBER_OBJECT_CONVERSION = YES_AGGRESSIVE;
				CLANG_CXX_LANGUAGE_STANDARD = "gnu++0x";
				CLANG_CXX_LIBRARY = "libc++";
				CLANG_ENABLE_MODULES = YES;
				CLANG_ENABLE_OBJC_ARC = YES;
				CLANG_WARN_BOOL_CONVERSION = YES;
				CLANG_WARN_CONSTANT_CONVERSION = YES;
				CLANG_WARN_DIRECT_OBJC_ISA_USAGE = YES_ERROR;
				CLANG_WARN_DOCUMENTATION_COMMENTS = YES;
				CLANG_WARN_EMPTY_BODY = YES;
				CLANG_WARN_ENUM_CONVERSION = YES;
				CLANG_WARN_INFINITE_RECURSION = YES;
				CLANG_WARN_INT_CONVERSION = YES;
				CLANG_WARN_OBJC_ROOT_CLASS = YES_ERROR;
				CLANG_WARN_SUSPICIOUS_MOVE = YES;
				CLANG_WARN_UNREACHABLE_CODE = YES;
				CLANG_WARN__DUPLICATE_METHOD_MATCH = YES;
				CODE_SIGN_IDENTITY = "-";
				COPY_PHASE_STRIP = NO;
				DEBUG_INFORMATION_FORMAT = "dwarf-with-dsym";
				ENABLE_NS_ASSERTIONS = NO;
				ENABLE_STRICT_OBJC_MSGSEND = YES;
				GCC_C_LANGUAGE_STANDARD = gnu99;
				GCC_NO_COMMON_BLOCKS = YES;
				GCC_WARN_64_TO_32_BIT_CONVERSION = YES;
				GCC_WARN_ABOUT_RETURN_TYPE = YES_ERROR;
				GCC_WARN_UNDECLARED_SELECTOR = YES;
				GCC_WARN_UNINITIALIZED_AUTOS = YES_AGGRESSIVE;
				GCC_WARN_UNUSED_FUNCTION = YES;
				GCC_WARN_UNUSED_VARIABLE = YES;
				MACOSX_DEPLOYMENT_TARGET = 10.12;
				MTL_ENABLE_DEBUG_INFO = NO;
				SDKROOT = macosx;
			};
			name = Release;
		};
		D700C81B1EDDFB8800160E9F /* Debug */ = {
			isa = XCBuildConfiguration;
			buildSettings = {
				PRODUCT_NAME = "$(TARGET_NAME)";
			};
			name = Debug;
		};
		D700C81C1EDDFB8800160E9F /* Release */ = {
			isa = XCBuildConfiguration;
			buildSettings = {
				PRODUCT_NAME = "$(TARGET_NAME)";
			};
			name = Release;
		};
/* End XCBuildConfiguration section */

/* Begin XCConfigurationList section */
		D700C80E1EDDFB8800160E9F /* Build configuration list for PBXProject "Maths" */ = {
			isa = XCConfigurationList;
			buildConfigurations = (
				D700C8181EDDFB8800160E9F /* Debug */,
				D700C8191EDDFB8800160E9F /* Release */,
			);
			defaultConfigurationIsVisible = 0;
			defaultConfigurationName = Release;
		};
		D700C81A1EDDFB8800160E9F /* Build configuration list for PBXNativeTarget "Maths" */ = {
			isa = XCConfigurationList;
			buildConfigurations = (
				D700C81B1EDDFB8800160E9F /* Debug */,
				D700C81C1EDDFB8800160E9F /* Release */,
			);
			defaultConfigurationIsVisible = 0;
			defaultConfigurationName = Release;
		};
/* End XCConfigurationList section */
	};
	rootObject = D700C80B1EDDFB8800160E9F /* Project object */;
}
